
Microsoft Visual Studio Solution File, Format Version 12.00
# Visual Studio Version 17
VisualStudioVersion = 17.1.32228.430
MinimumVisualStudioVersion = 10.0.40219.1
Project("{9A19103F-16F7-4668-BE54-9A1E7A4F7556}") = "WarGame_UI", "WarGame_UI\WarGame_UI.csproj", "{DAD567D6-3675-4E0C-9755-614894F77B93}"
EndProject
Project("{9A19103F-16F7-4668-BE54-9A1E7A4F7556}") = "WarGame.Another_Library", "WarGame.Another_Library\WarGame.Another_Library.csproj", "{631F99F6-CAA3-4ED4-8DB0-5DE52FF18A71}"
EndProject
Project("{9A19103F-16F7-4668-BE54-9A1E7A4F7556}") = "WarGame.Services", "WarGame.Services\WarGame.Services.csproj", "{4A734643-5B19-4EFD-BA30-5A2CFC3E51E4}"
EndProject
Project("{9A19103F-16F7-4668-BE54-9A1E7A4F7556}") = "WarGame.Core", "WarGame.Core\WarGame.Core.csproj", "{561A222A-1A26-405C-B6E9-DFD7E1538550}"
EndProject
Project("{FAE04EC0-301F-11D3-BF4B-00C04F79EFBC}") = "WarGame.EntityLayer", "WarGame.EntityLayer\WarGame.EntityLayer.csproj", "{53D4201F-50DB-4FD6-BEAA-387F6614D009}"
EndProject
Global
	GlobalSection(SolutionConfigurationPlatforms) = preSolution
		Debug|Any CPU = Debug|Any CPU
		Release|Any CPU = Release|Any CPU
	EndGlobalSection
	GlobalSection(ProjectConfigurationPlatforms) = postSolution
		{DAD567D6-3675-4E0C-9755-614894F77B93}.Debug|Any CPU.ActiveCfg = Debug|Any CPU
		{DAD567D6-3675-4E0C-9755-614894F77B93}.Debug|Any CPU.Build.0 = Debug|Any CPU
		{DAD567D6-3675-4E0C-9755-614894F77B93}.Release|Any CPU.ActiveCfg = Release|Any CPU
		{DAD567D6-3675-4E0C-9755-614894F77B93}.Release|Any CPU.Build.0 = Release|Any CPU
		{631F99F6-CAA3-4ED4-8DB0-5DE52FF18A71}.Debug|Any CPU.ActiveCfg = Debug|Any CPU
		{631F99F6-CAA3-4ED4-8DB0-5DE52FF18A71}.Debug|Any CPU.Build.0 = Debug|Any CPU
		{631F99F6-CAA3-4ED4-8DB0-5DE52FF18A71}.Release|Any CPU.ActiveCfg = Release|Any CPU
		{631F99F6-CAA3-4ED4-8DB0-5DE52FF18A71}.Release|Any CPU.Build.0 = Release|Any CPU
		{4A734643-5B19-4EFD-BA30-5A2CFC3E51E4}.Debug|Any CPU.ActiveCfg = Debug|Any CPU
		{4A734643-5B19-4EFD-BA30-5A2CFC3E51E4}.Debug|Any CPU.Build.0 = Debug|Any CPU
		{4A734643-5B19-4EFD-BA30-5A2CFC3E51E4}.Release|Any CPU.ActiveCfg = Release|Any CPU
		{4A734643-5B19-4EFD-BA30-5A2CFC3E51E4}.Release|Any CPU.Build.0 = Release|Any CPU
		{561A222A-1A26-405C-B6E9-DFD7E1538550}.Debug|Any CPU.ActiveCfg = Debug|Any CPU
		{561A222A-1A26-405C-B6E9-DFD7E1538550}.Debug|Any CPU.Build.0 = Debug|Any CPU
		{561A222A-1A26-405C-B6E9-DFD7E1538550}.Release|Any CPU.ActiveCfg = Release|Any CPU
		{561A222A-1A26-405C-B6E9-DFD7E1538550}.Release|Any CPU.Build.0 = Release|Any CPU
		{53D4201F-50DB-4FD6-BEAA-387F6614D009}.Debug|Any CPU.ActiveCfg = Debug|Any CPU
		{53D4201F-50DB-4FD6-BEAA-387F6614D009}.Debug|Any CPU.Build.0 = Debug|Any CPU
		{53D4201F-50DB-4FD6-BEAA-387F6614D009}.Release|Any CPU.ActiveCfg = Release|Any CPU
		{53D4201F-50DB-4FD6-BEAA-387F6614D009}.Release|Any CPU.Build.0 = Release|Any CPU
	EndGlobalSection
	GlobalSection(SolutionProperties) = preSolution
		HideSolutionNode = FALSE
	EndGlobalSection
	GlobalSection(ExtensibilityGlobals) = postSolution
		SolutionGuid = {9BC38AA4-6E00-4BE7-AB5B-BED416D5C023}
	EndGlobalSection
EndGlobal
